
Microsoft Visual Studio Solution File, Format Version 12.00
# Visual Studio 15
VisualStudioVersion = 15.0.28307.1062
MinimumVisualStudioVersion = 10.0.40219.1
Project("{FAE04EC0-301F-11D3-BF4B-00C04F79EFBC}") = "ash-practice", "ash-practice.csproj", "{A1910A94-F5A1-4780-98E7-B1AAD24CCF16}"
EndProject
Global
	GlobalSection(SolutionConfigurationPlatforms) = preSolution
		Debug|Any CPU = Debug|Any CPU
		Release|Any CPU = Release|Any CPU
	EndGlobalSection
	GlobalSection(ProjectConfigurationPlatforms) = postSolution
		{A1910A94-F5A1-4780-98E7-B1AAD24CCF16}.Debug|Any CPU.ActiveCfg = Debug|Any CPU
		{A1910A94-F5A1-4780-98E7-B1AAD24CCF16}.Debug|Any CPU.Build.0 = Debug|Any CPU
		{A1910A94-F5A1-4780-98E7-B1AAD24CCF16}.Release|Any CPU.ActiveCfg = Release|Any CPU
		{A1910A94-F5A1-4780-98E7-B1AAD24CCF16}.Release|Any CPU.Build.0 = Release|Any CPU
	EndGlobalSection
	GlobalSection(SolutionProperties) = preSolution
		HideSolutionNode = FALSE
	EndGlobalSection
	GlobalSection(ExtensibilityGlobals) = postSolution
		SolutionGuid = {DAF89783-7EAD-4DED-A371-C65588BAF696}
	EndGlobalSection
EndGlobal
